
Microsoft Visual Studio Solution File, Format Version 12.00
# Visual Studio Version 17
VisualStudioVersion = 17.7.34024.191
MinimumVisualStudioVersion = 10.0.40219.1
Project("{FAE04EC0-301F-11D3-BF4B-00C04F79EFBC}") = "Explorer", "Explorer\Explorer.csproj", "{7D747DD7-E6AF-4B27-A302-2EDF12268DFD}"
EndProject
Project("{FAE04EC0-301F-11D3-BF4B-00C04F79EFBC}") = "Explorer2", "Explorer2\Explorer2.csproj", "{208EB366-A8E4-4CAE-B4BA-11786A8A63A4}"
EndProject
Global
	GlobalSection(SolutionConfigurationPlatforms) = preSolution
		Debug|Any CPU = Debug|Any CPU
		Release|Any CPU = Release|Any CPU
	EndGlobalSection
	GlobalSection(ProjectConfigurationPlatforms) = postSolution
		{7D747DD7-E6AF-4B27-A302-2EDF12268DFD}.Debug|Any CPU.ActiveCfg = Debug|Any CPU
		{7D747DD7-E6AF-4B27-A302-2EDF12268DFD}.Debug|Any CPU.Build.0 = Debug|Any CPU
		{7D747DD7-E6AF-4B27-A302-2EDF12268DFD}.Release|Any CPU.ActiveCfg = Release|Any CPU
		{7D747DD7-E6AF-4B27-A302-2EDF12268DFD}.Release|Any CPU.Build.0 = Release|Any CPU
		{208EB366-A8E4-4CAE-B4BA-11786A8A63A4}.Debug|Any CPU.ActiveCfg = Debug|Any CPU
		{208EB366-A8E4-4CAE-B4BA-11786A8A63A4}.Debug|Any CPU.Build.0 = Debug|Any CPU
		{208EB366-A8E4-4CAE-B4BA-11786A8A63A4}.Release|Any CPU.ActiveCfg = Release|Any CPU
		{208EB366-A8E4-4CAE-B4BA-11786A8A63A4}.Release|Any CPU.Build.0 = Release|Any CPU
	EndGlobalSection
	GlobalSection(SolutionProperties) = preSolution
		HideSolutionNode = FALSE
	EndGlobalSection
	GlobalSection(ExtensibilityGlobals) = postSolution
		SolutionGuid = {88111EBD-7D77-4FA3-A4EF-578270429D43}
	EndGlobalSection
EndGlobal
